{
    "_meta": {
        "hash": {
            "sha256": "6f6364932dda8b52100b315fd333259cde839568032e9fc5e8a76345fbb888d7"
        },
        "pipfile-spec": 6,
        "requires": {
            "python_version": "3.12"
        },
        "sources": [
            {
                "name": "pypi",
                "url": "https://pypi.org/simple",
                "verify_ssl": true
            }
        ]
    },
    "default": {
        "asgiref": {
            "hashes": [
                "sha256:5f184dc43b7e763efe848065441eac62229c9f7b0475f41f80e207a114eda4ce",
                "sha256:e8667a091e69529631969fd45dc268fa79b99c92c5fcdda727757e52146ec133"
            ],
            "markers": "python_version >= '3.9'",
            "version": "==3.11.1"
        },
        "boto3": {
            "hashes": [
                "sha256:500edd2699a3f479053bbfb407b06c231d1ff1e574f7c90d269d605a6a1f8160",
                "sha256:a89fae01c4bc948671e99440ddc0f10bc73cc72d83218656057f730df0898eab"
            ],
            "markers": "python_version >= '3.9'",
            "version": "==1.42.71"
        },
        "botocore": {
            "hashes": [
                "sha256:6b3796c76edeb78afee325a54e23508bbd57624faea1e4aeb8f6e9c1e1e79a0f",
                "sha256:e6b7c611eeacbfa6a5a08cd56889b7a63eced48e99f8db9b270eeaf2c0b62796"
            ],
            "markers": "python_version >= '3.9'",
            "version": "==1.42.71"
        },
        "brotli": {
            "hashes": [
                "sha256:022426c9e99fd65d9475dce5c195526f04bb8be8907607e27e747893f6ee3e24",
                "sha256:072e7624b1fc4d601036ab3f4f27942ef772887e876beff0301d261210bca97f",
                "sha256:09ac247501d1909e9ee47d309be760c89c990defbb2e0240845c892ea5ff0de4",
                "sha256:0bbd5b5ccd157ae7913750476d48099aaf507a79841c0d04a9db4415b14842de",
                "sha256:0cf8c3b8ba93d496b2fae778039e2f5ecc7cff99df84df337ca31d8f2252896c",
                "sha256:14ef29fc5f310d34fc7696426071067462c9292ed98b5ff5a27ac70a200e5470",
                "sha256:15b33fe93cedc4caaff8a0bd1eb7e3dab1c61bb22a0bf5bdfdfd97cd7da79744",
                "sha256:1b1d6a4efedd53671c793be6dd760fcf2107da3a52331ad9ea429edf0902f27a",
                "sha256:1b557b29782a643420e08d75aea889462a4a8796e9a6cf5621ab05a3f7da8ef2",
                "sha256:1b71754d5b6eda54d16fbbed7fce2d8bc6c052a1b91a35c320247946ee103502",
                "sha256:1ce223652fd4ed3eb2b7f78fbea31c52314baecfac68db44037bb4167062a937",
                "sha256:1e68cdf321ad05797ee41d1d09169e09d40fdf51a725bb148bff892ce04583d7",
                "sha256:260d3692396e1895c5034f204f0db022c056f9e2ac841593a4cf9426e2a3faca",
                "sha256:26e8d3ecb0ee458a9804f47f21b74845cc823fd1bb19f02272be70774f56e2a6",
                "sha256:2881416badd2a88a7a14d981c103a52a23a276a553a8aacc1346c2ff47c8dc17",
                "sha256:29b7e6716ee4ea0c59e3b241f682204105f7da084d6254ec61886508efeb43bc",
                "sha256:2a7f1d03727130fc875448b65b127a9ec5d06d19d0148e7554384229706f9d1b",
                "sha256:2d39b54b968f4b49b5e845758e202b1035f948b0561ff5e6385e855c96625971",
                "sha256:2e1ad3fda65ae0d93fec742a128d72e145c9c7a99ee2fcd667785d99eb25a7fe",
                "sha256:3173e1e57cebb6d1de186e46b5680afbd82fd4301d7b2465beebe83ed317066d",
                "sha256:3219bd9e69868e57183316ee19c84e03e8f8b5a1d1f2667e1aa8c2f91cb061ac",
                "sha256:350c8348f0e76fff0a0fd6c26755d2653863279d086d3aa2c290a6a7251135dd",
                "sha256:35d382625778834a7f3061b15423919aa03e4f5da34ac8e02c074e4b75ab4f84",
                "sha256:3b90b767916ac44e93a8e28ce6adf8d551e43affb512f2377c732d486ac6514e",
                "sha256:3e1b35d56856f3ed326b140d3c6d9db91740f22e14b06e840fe4bb1923439a18",
                "sha256:3ebe801e0f4e56d17cd386ca6600573e3706ce1845376307f5d2cbd32149b69a",
                "sha256:3f3c908bcc404c90c77d5a073e55271a0a498f4e0756e48127c35d91cf155947",
                "sha256:40d918bce2b427a0c4ba189df7a006ac0c7277c180aee4617d99e9ccaaf59e6a",
                "sha256:465a0d012b3d3e4f1d6146ea019b5c11e3e87f03d1676da1cc3833462e672fb0",
                "sha256:4735a10f738cb5516905a121f32b24ce196ab82cfc1e4ba2e3ad1b371085fd46",
                "sha256:4ecdb3b6dc36e6d6e14d3a1bdc6c1057c8cbf80db04031d566eb6080ce283a48",
                "sha256:50b1b799f45da91292ffaa21a473ab3a3054fa78560e8ff67082a185274431c8",
                "sha256:54a50a9dad16b32136b2241ddea9e4df159b41247b2ce6aac0b3276a66a8f1e5",
                "sha256:5732eff8973dd995549a18ecbd8acd692ac611c5c0bb3f59fa3541ae27b33be3",
                "sha256:598e88c736f63a0efec8363f9eb34e5b5536b7b6b1821e401afcb501d881f59a",
                "sha256:640fe199048f24c474ec6f3eae67c48d286de12911110437a36a87d7c89573a6",
                "sha256:66c02c187ad250513c2f4fce973ef402d22f80e0adce734ee4e4efd657b6cb64",
                "sha256:67a91c5187e1eec76a61625c77a6c8c785650f5b576ca732bd33ef58b0dff49c",
                "sha256:6be67c19e0b0c56365c6a76e393b932fb0e78b3b56b711d180dd7013cb1fd984",
                "sha256:6c12dad5cd04530323e723787ff762bac749a7b256a5bece32b2243dd5c27b21",
                "sha256:71a66c1c9be66595d628467401d5976158c97888c2c9379c034e1e2312c5b4f5",
                "sha256:7274942e69b17f9cef76691bcf38f2b2d4c8a5f5dba6ec10958363dcb3308a0a",
                "sha256:7547369c4392b47d30a3467fe8c3330b4f2e0f7730e45e3103d7d636678a808b",
                "sha256:7a47ce5c2288702e09dc22a44d0ee6152f2c7eda97b3c8482d826a1f3cfc7da7",
                "sha256:7a61c06b334bd99bc5ae84f1eeb36bfe01400264b3c352f968c6e30a10f9d08b",
                "sha256:7ad8cec81f34edf44a1c6a7edf28e7b7806dfb8886e371d95dcf789ccd4e4982",
                "sha256:7e9053f5fb4e0dfab89243079b3e217f2aea4085e4d58c5c06115fc34823707f",
                "sha256:7fa18d65a213abcfbb2f6cafbb4c58863a8bd6f2103d65203c520ac117d1944b",
                "sha256:81da1b229b1889f25adadc929aeb9dbc4e922bd18561b65b08dd9343cfccca84",
                "sha256:82676c2781ecf0ab23833796062786db04648b7aae8be139f6b8065e5e7b1518",
                "sha256:832c115a020e463c2f67664560449a7bea26b0c1fdd690352addad6d0a08714d",
                "sha256:844a8ceb8483fefafc412f85c14f2aae2fb69567bf2a0de53cdb88b73e7c43ae",
                "sha256:865cedc7c7c303df5fad14a57bc5db1d4f4f9b2b4d0a7523ddd206f00c121a16",
                "sha256:88ef7d55b7bcf3331572634c3fd0ed327d237ceb9be6066810d39020a3ebac7a",
                "sha256:898be2be399c221d2671d29eed26b6b2713a02c2119168ed914e7d00ceadb56f",
                "sha256:8d4f47f284bdd28629481c97b5f29ad67544fa258d9091a6ed1fda47c7347cd1",
                "sha256:92edab1e2fd6cd5ca605f57d4545b6599ced5dea0fd90b2bcdf8b247a12bd190",
                "sha256:9322b9f8656782414b37e6af884146869d46ab85158201d82bab9abbcb971dc7",
                "sha256:95db242754c21a88a79e01504912e537808504465974ebb92931cfca2510469e",
                "sha256:963a08f3bebd8b75ac57661045402da15991468a621f014be54e50f53a58d19e",
                "sha256:96fbe82a58cdb2f872fa5d87dedc8477a12993626c446de794ea025bbda625ea",
                "sha256:99cfa69813d79492f0e5d52a20fd18395bc82e671d5d40bd5a91d13e75e468e8",
                "sha256:9c79f57faa25d97900bfb119480806d783fba83cd09ee0b33c17623935b05fa3",
                "sha256:9e5825ba2c9998375530504578fd4d5d1059d09621a02065d1b6bfc41a8e05ab",
                "sha256:9fe11467c42c133f38d42289d0861b6b4f9da31e8087ca2c0d7ebb4543625526",
                "sha256:a1778532b978d2536e79c05dac2d8cd857f6c55cd0c95ace5b03740824e0e2f1",
                "sha256:a387225a67f619bf16bd504c37655930f910eb03675730fc2ad69d3d8b5e7e92",
                "sha256:a56ef534b66a749759ebd091c19c03ef81eb8cd96f0d1d16b59127eaf1b97a12",
                "sha256:aa47441fa3026543513139cb8926a92a8e305ee9c71a6209ef7a97d91640ea03",
                "sha256:ac27a70bda257ae3f380ec8310b0a06680236bea547756c277b5dfe55a2452a8",
                "sha256:acec55bb7c90f1dfc476126f9711a8e81c9af7fb617409a9ee2953115343f08d",
                "sha256:adedc4a67e15327dfdd04884873c6d5a01d3e3b6f61406f99b1ed4865a2f6d28",
                "sha256:af43b8711a8264bb4e7d6d9a6d004c3a2019c04c01127a868709ec29962b6036",
                "sha256:b232029d100d393ae3c603c8ffd7e3fe6f798c5e28ddca5feabb8e8fdb732997",
                "sha256:b35c13ce241abdd44cb8ca70683f20c0c079728a36a996297adb5334adfc1c44",
                "sha256:b63daa43d82f0cdabf98dee215b375b4058cce72871fd07934f179885aad16e8",
                "sha256:b908d1a7b28bc72dfb743be0d4d3f8931f8309f810af66c906ae6cd4127c93cb",
                "sha256:ba76177fd318ab7b3b9bf6522be5e84c2ae798754b6cc028665490f6e66b5533",
                "sha256:bba6e7e6cfe1e6cb6eb0b7c2736a6059461de1fa2c0ad26cf845de6c078d16c8",
                "sha256:c0d6770111d1879881432f81c369de5cde6e9467be7c682a983747ec800544e2",
                "sha256:c16ab1ef7bb55651f5836e8e62db1f711d55b82ea08c3b8083ff037157171a69",
                "sha256:c1702888c9f3383cc2f09eb3e88b8babf5965a54afb79649458ec7c3c7a63e96",
                "sha256:c25332657dee6052ca470626f18349fc1fe8855a56218e19bd7a8c6ad4952c49",
                "sha256:c8565e3cdc1808b1a34714b553b262c5de5fbda202285782173ec137fd13709f",
                "sha256:cf9cba6f5b78a2071ec6fb1e7bd39acf35071d90a81231d67e92d637776a6a63",
                "sha256:d206a36b4140fbb5373bf1eb73fb9de589bb06afd0d22376de23c5e91d0ab35f",
                "sha256:d2d085ded05278d1c7f65560aae97b3160aeb2ea2c0b3e26204856beccb60888",
                "sha256:d8c05b1dfb61af28ef37624385b0029df902ca896a639881f594060b30ffc9a7",
                "sha256:e310f77e41941c13340a95976fe66a8a95b01e783d430eeaf7a2f87e0a57dd0a",
                "sha256:e7c0af964e0b4e3412a0ebf341ea26ec767fa0b4cf81abb5e897c9338b5ad6a3",
                "sha256:e80a28f2b150774844c8b454dd288be90d76ba6109670fe33d7ff54d96eb5cb8",
                "sha256:e813da3d2d865e9793ef681d3a6b66fa4b7c19244a45b817d0cceda67e615990",
                "sha256:e85190da223337a6b7431d92c799fca3e2982abd44e7b8dec69938dcc81c8e9e",
                "sha256:e99befa0b48f3cd293dafeacdd0d191804d105d279e0b387a32054c1180f3161",
                "sha256:eda5a6d042c698e28bda2507a89b16555b9aa954ef1d750e1c20473481aff675",
                "sha256:ef87b8ab2704da227e83a246356a2b179ef826f550f794b2c52cddb4efbd0196",
                "sha256:f16dace5e4d3596eaeb8af334b4d2c820d34b8278da633ce4a00020b2eac981c",
                "sha256:f8d635cafbbb0c61327f942df2e3f474dde1cff16c3cd0580564774eaba1ee13",
                "sha256:fc1530af5c3c275b8524f2e24841cbe2599d74462455e9bae5109e9ff42e9361",
                "sha256:ff09cd8c5eec3b9d02d2408db41be150d8891c5566addce57513bf546e3d6c6d"
            ],
            "version": "==1.2.0"
        },
        "certifi": {
            "hashes": [
                "sha256:027692e4402ad994f1c42e52a4997a9763c646b73e4096e4d5d6db8af1d6f0fa",
                "sha256:e887ab5cee78ea814d3472169153c2d12cd43b14bd03329a39a9c6e2e80bfba7"
            ],
            "markers": "python_version >= '3.7'",
            "version": "==2026.2.25"
        },
        "charset-normalizer": {
            "hashes": [
                "sha256:007d05ec7321d12a40227aae9e2bc6dca73f3cb21058999a1df9e193555a9dcc",
                "sha256:03853ed82eeebbce3c2abfdbc98c96dc205f32a79627688ac9a27370ea61a49c",
                "sha256:07d9e39b01743c3717745f4c530a6349eadbfa043c7577eef86c502c15df2c67",
                "sha256:08e721811161356f97b4059a9ba7bafb23ea5ee2255402c42881c214e173c6b4",
                "sha256:0c96c3b819b5c3e9e165495db84d41914d6894d55181d2d108cc1a69bfc9cce0",
                "sha256:0ea948db76d31190bf08bd371623927ee1339d5f2a0b4b1b4a4439a65298703c",
                "sha256:0f7eb884681e3938906ed0434f20c63046eacd0111c4ba96f27b76084cd679f5",
                "sha256:12a6fff75f6bc66711b73a2f0addfc4c8c15a20e805146a02d147a318962c444",
                "sha256:12d8baf840cc7889b37c7c770f478adea7adce3dcb3944d02ec87508e2dcf153",
                "sha256:14265bfe1f09498b9d8ec91e9ec9fa52775edf90fcbde092b25f4a33d444fea9",
                "sha256:16d971e29578a5e97d7117866d15889a4a07befe0e87e703ed63cd90cb348c01",
                "sha256:177a0ba5f0211d488e295aaf82707237e331c24788d8d76c96c5a41594723217",
                "sha256:1a87ca9d5df6fe460483d9a5bbf2b18f620cbed41b432e2bddb686228282d10b",
                "sha256:1c2a768fdd44ee4a9339a9b0b130049139b8ce3c01d2ce09f67f5a68048d477c",
                "sha256:1c2aed2e5e41f24ea8ef1590b8e848a79b56f3a5564a65ceec43c9d692dc7d8a",
                "sha256:1dc8b0ea451d6e69735094606991f32867807881400f808a106ee1d963c46a83",
                "sha256:1efde3cae86c8c273f1eb3b287be7d8499420cf2fe7585c41d370d3e790054a5",
                "sha256:202389074300232baeb53ae2569a60901f7efadd4245cf3a3bf0617d60b439d7",
                "sha256:203104ed3e428044fd943bc4bf45fa73c0730391f9621e37fe39ecf477b128cb",
                "sha256:2257141f39fe65a3fdf38aeccae4b953e5f3b3324f4ff0daf9f15b8518666a2c",
                "sha256:298930cec56029e05497a76988377cbd7457ba864beeea92ad7e844fe74cd1f1",
                "sha256:2cd4a60d0e2fb04537162c62bbbb4182f53541fe0ede35cdf270a1c1e723cc42",
                "sha256:2d6eb928e13016cea4f1f21d1e10c1cebd5a421bc57ddf5b1142ae3f86824fab",
                "sha256:2fe249cb4651fd12605b7288b24751d8bfd46d35f12a20b1ba33dea122e690df",
                "sha256:30b8d1d8c52a48c2c5690e152c169b673487a2a58de1ec7393196753063fcd5e",
                "sha256:320ade88cfb846b8cd6b4ddf5ee9e80ee0c1f52401f2456b84ae1ae6a1a5f207",
                "sha256:3534e7dcbdcf757da6b85a0bbf5b6868786d5982dd959b065e65481644817a18",
                "sha256:36836d6ff945a00b88ba1e4572d721e60b5b8c98c155d465f56ad19d68f23734",
                "sha256:38c0109396c4cfc574d502df99742a45c72c08eff0a36158b6f04000043dbf38",
                "sha256:3946fa46a0cf3e4c8cb1cc52f56bb536310d34f25f01ca9b6c16afa767dab110",
                "sha256:3bec022aec2c514d9cf199522a802bd007cd588ab17ab2525f20f9c34d067c18",
                "sha256:3c9a494bc5ec77d43cea229c4f6db1e4d8fe7e1bbffa8b6f0f0032430ff8ab44",
                "sha256:3dce51d0f5e7951f8bb4900c257dad282f49190fdbebecd4ba99bcc41fef404d",
                "sha256:3dedcc22d73ec993f42055eff4fcfed9318d1eeb9a6606c55892a26964964e48",
                "sha256:4042d5c8f957e15221d423ba781e85d553722fc4113f523f2feb7b188cc34c5e",
                "sha256:481551899c856c704d58119b5025793fa6730adda3571971af568f66d2424bb5",
                "sha256:4dc1e73c36828f982bfe79fadf5919923f8a6f4df2860804db9a98c48824ce8d",
                "sha256:4e5163c14bffd570ef2affbfdd77bba66383890797df43dc8b4cc7d6f500bf53",
                "sha256:511ef87c8aec0783e08ac18565a16d435372bc1ac25a91e6ac7f5ef2b0bff790",
                "sha256:532bc9bf33a68613fd7d65e4b1c71a6a38d7d42604ecf239c77392e9b4e8998c",
                "sha256:54523e136b8948060c0fa0bc7b1b50c32c186f2fceee897a495406bb6e311d2b",
                "sha256:5649fd1c7bade02f320a462fdefd0b4bd3ce036065836d4f42e0de958038e116",
                "sha256:56be790f86bfb2c98fb742ce566dfb4816e5a83384616ab59c49e0604d49c51d",
                "sha256:5b77459df20e08151cd6f8b9ef8ef1f961ef73d85c21a555c7eed5b79410ec10",
                "sha256:5ed6ab538499c8644b8a3e18debabcd7ce684f3fa91cf867521a7a0279cab2d6",
                "sha256:6178f72c5508bfc5fd446a5905e698c6212932f25bcdd4b47a757a50605a90e2",
                "sha256:6370e8686f662e6a3941ee48ed4742317cafbe5707e36406e9df792cdb535776",
                "sha256:64f02c6841d7d83f832cd97ccf8eb8a906d06eb95d5276069175c696b024b60a",
                "sha256:65bcd23054beab4d166035cabbc868a09c1a49d1efe458fe8e4361215df40265",
                "sha256:66671f93accb62ed07da56613636f3641f1a12c13046ce91ffc923721f23c008",
                "sha256:6696b7688f54f5af4462118f0bfa7c1621eeb87154f77fa04b9295ce7a8f2943",
                "sha256:6785f414ae0f3c733c437e0f3929197934f526d19dfaa75e18fdb4f94c6fb374",
                "sha256:67f6279d125ca0046a7fd386d01b311c6363844deac3e5b069b514ba3e63c246",
                "sha256:6c114670c45346afedc0d947faf3c7f701051d2518b943679c8ff88befe14f8e",
                "sha256:6e0d51f618228538a3e8f46bd246f87a6cd030565e015803691603f55e12afb5",
                "sha256:6ed74185b2db44f41ef35fd1617c5888e59792da9bbc9190d6c7300617182616",
                "sha256:708838739abf24b2ceb208d0e22403dd018faeef86ddac04319a62ae884c4f15",
                "sha256:715479b9a2802ecac752a3b0efa2b0b60285cf962ee38414211abdfccc233b41",
                "sha256:733784b6d6def852c814bce5f318d25da2ee65dd4839a0718641c696e09a2960",
                "sha256:750e02e074872a3fad7f233b47734166440af3cdea0add3e95163110816d6752",
                "sha256:752a45dc4a6934060b3b0dab47e04edc3326575f82be64bc4fc293914566503e",
                "sha256:7579e913a5339fb8fa133f6bbcfd8e6749696206cf05acdbdca71a1b436d8e72",
                "sha256:7641bb8895e77f921102f72833904dcd9901df5d6d72a2ab8f31d04b7e51e4e7",
                "sha256:7804338df6fcc08105c7745f1502ba68d900f45fd770d5bdd5288ddccb8a42d8",
                "sha256:80d04837f55fc81da168b98de4f4b797ef007fc8a79ab71c6ec9bc4dd662b15b",
                "sha256:813c0e0132266c08eb87469a642cb30aaff57c5f426255419572aaeceeaa7bf4",
                "sha256:82b271f5137d07749f7bf32f70b17ab6eaabedd297e75dce75081a24f76eb545",
                "sha256:84c018e49c3bf790f9c2771c45e9313a08c2c2a6342b162cd650258b57817706",
                "sha256:8751d2787c9131302398b11e6c8068053dcb55d5a8964e114b6e196cf16cb366",
                "sha256:8778f0c7a52e56f75d12dae53ae320fae900a8b9b4164b981b9c5ce059cd1fcb",
                "sha256:87fad7d9ba98c86bcb41b2dc8dbb326619be2562af1f8ff50776a39e55721c5a",
                "sha256:8d828b6667a32a728a1ad1d93957cdf37489c57b97ae6c4de2860fa749b8fc1e",
                "sha256:8e385e4267ab76874ae30db04c627faaaf0b509e1ccc11a95b3fc3e83f855c00",
                "sha256:92a0a01ead5e668468e952e4238cccd7c537364eb7d851ab144ab6627dbbe12f",
                "sha256:94e1885b270625a9a828c9793b4d52a64445299baa1fea5a173bf1d3dd9a1a5a",
                "sha256:a180c5e59792af262bf263b21a3c49353f25945d8d9f70628e73de370d55e1e1",
                "sha256:a277ab8928b9f299723bc1a2dabb1265911b1a76341f90a510368ca44ad9ab66",
                "sha256:a5fe03b42827c13cdccd08e6c0247b6a6d4b5e3cdc53fd1749f5896adcdc2356",
                "sha256:a6c5863edfbe888d9eff9c8b8087354e27618d9da76425c119293f11712a6319",
                "sha256:a89c23ef8d2c6b27fd200a42aa4ac72786e7c60d40efdc76e6011260b6e949c4",
                "sha256:adb2597b428735679446b46c8badf467b4ca5f5056aae4d51a19f9570301b1ad",
                "sha256:ae196f021b5e7c78e918242d217db021ed2a6ace2bc6ae94c0fc596221c7f58d",
                "sha256:ae89db9e5f98a11a4bf50407d4363e7b09b31e55bc117b4f7d80aab97ba009e5",
                "sha256:aed52fea0513bac0ccde438c188c8a471c4e0f457c2dd20cdbf6ea7a450046c7",
                "sha256:aef65cd602a6d0e0ff6f9930fcb1c8fec60dd2cfcb6facaf4bdb0e5873042db0",
                "sha256:af21eb4409a119e365397b2adbaca4c9ccab56543a65d5dbd9f920d6ac29f686",
                "sha256:b14b2d9dac08e28bb8046a1a0434b1750eb221c8f5b87a68f4fa11a6f97b5e34",
                "sha256:bb6d88045545b26da47aa879dd4a89a71d1dce0f0e549b1abcb31dfe4a8eac49",
                "sha256:bb8cc7534f51d9a017b93e3e85b260924f909601c3df002bcdb58ddb4dc41a5c",
                "sha256:bc17a677b21b3502a21f66a8cc64f5bfad4df8a0b8434d661666f8ce90ac3af1",
                "sha256:bd6c2a1c7573c64738d716488d2cdd3c00e340e4835707d8fdb8dc1a66ef164e",
                "sha256:bd9b23791fe793e4968dba0c447e12f78e425c59fc0e3b97f6450f4781f3ee60",
                "sha256:c03a41a8784091e67a39648f70c5f97b5b6a37f216896d44d2cdcb82615339a0",
                "sha256:c0f081d69a6e58272819b70288d3221a6ee64b98df852631c80f293514d3b274",
                "sha256:c35abb8bfff0185efac5878da64c45dafd2b37fb0383add1be155a763c1f083d",
                "sha256:c36c333c39be2dbca264d7803333c896ab8fa7d4d6f0ab7edb7dfd7aea6e98c0",
                "sha256:c45e9440fb78f8ddabcf714b68f936737a121355bf59f3907f4e17721b9d1aae",
                "sha256:c593052c465475e64bbfe5dbd81680f64a67fdc752c56d7a0ae205dc8aeefe0f",
                "sha256:cdd68a1fb318e290a2077696b7eb7a21a49163c455979c639bf5a5dcdc46617d",
                "sha256:ce3412fbe1e31eb81ea42f4169ed94861c56e643189e1e75f0041f3fe7020abe",
                "sha256:cf1493cd8607bec4d8a7b9b004e699fcf8f9103a9284cc94962cb73d20f9d4a3",
                "sha256:cf29836da5119f3c8a8a70667b0ef5fdca3bb12f80fd06487cfa575b3909b393",
                "sha256:d4a48e5b3c2a489fae013b7589308a40146ee081f6f509e047e0e096084ceca1",
                "sha256:d560742f3c0d62afaccf9f41fe485ed69bd7661a241f86a3ef0f0fb8b1a397af",
                "sha256:d6038d37043bced98a66e68d3aa2b6a35505dc01328cd65217cefe82f25def44",
                "sha256:d61f00a0869d77422d9b2aba989e2d24afa6ffd552af442e0e58de4f35ea6d00",
                "sha256:d635aab80466bc95771bb78d5370e74d36d1fe31467b6b29b8b57b2a3cd7d22c",
                "sha256:dca4bbc466a95ba9c0234ef56d7dd9509f63da22274589ebd4ed7f1f4d4c54e3",
                "sha256:dd915403e231e6b1809fe9b6d9fc55cf8fb5e02765ac625d9cd623342a7905d7",
                "sha256:e044c39e41b92c845bc815e5ae4230804e8e7bc29e399b0437d64222d92809dd",
                "sha256:e060d01aec0a910bdccb8be71faf34e7799ce36950f8294c8bf612cba65a2c9e",
                "sha256:e1421b502d83040e6d7fb2fb18dff63957f720da3d77b2fbd3187ceb63755d7b",
                "sha256:e17b8d5d6a8c47c85e68ca8379def1303fd360c3e22093a807cd34a71cd082b8",
                "sha256:e5f4d355f0a2b1a31bc3edec6795b46324349c9cb25eed068049e4f472fb4259",
                "sha256:e712b419df8ba5e42b226c510472b37bd57b38e897d3eca5e8cfd410a29fa859",
                "sha256:e74327fb75de8986940def6e8dee4f127cc9752bee7355bb323cc5b2659b6d46",
                "sha256:e80c8378d8f3d83cd3164da1ad2df9e37a666cdde7b1cb2298ed0b558064be30",
                "sha256:e8ac484bf18ce6975760921bb6148041faa8fef0547200386ea0b52b5d27bf7b",
                "sha256:eca9705049ad3c7345d574e3510665cb2cf844c2f2dcfe675332677f081cbd46",
                "sha256:ed065083d0898c9d5b4bbec7b026fd755ff7454e6e8b73a67f8c744b13986e24",
                "sha256:edac0f1ab77644605be2cbba52e6b7f630731fc42b34cb0f634be1a6eface56a",
                "sha256:effc3f449787117233702311a1b7d8f59cba9ced946ba727bdc329ec69028e24",
                "sha256:f22dec1690b584cea26fade98b2435c132c1b5f68e39f5a0b7627cd7ae31f1dc",
                "sha256:f495a1652cf3fbab2eb0639776dad966c2fb874d79d87ca07f9d5f059b8bd215",
                "sha256:f496c9c3cc02230093d8330875c4c3cdfc3b73612a5fd921c65d39cbcef08063",
                "sha256:f59099f9b66f0d7145115e6f80dd8b1d847176df89b234a5a6b3f00437aa0832",
                "sha256:f59ad4c0e8f6bba240a9bb85504faa1ab438237199d4cce5f622761507b8f6a6",
                "sha256:fbccdc05410c9ee21bbf16a35f4c1d16123dcdeb8a1d38f33654fa21d0234f79",
                "sha256:fea24543955a6a729c45a73fe90e08c743f0b3334bbf3201e6c4bc1b0c7fa464"
            ],
            "markers": "python_version >= '3.7'",
            "version": "==3.4.7"
        },
        "django": {
            "hashes": [
                "sha256:4853482f395c3a151937f6991272540fcbf531464f254a347bf7c89f53c8cff7",
                "sha256:6b809af7165c73eff5ce1c87fdae75d4da6520d6667f86401ecf55b681eb1eeb"
            ],
            "index": "pypi",
            "markers": "python_version >= '3.10'",
            "version": "==5.2.12"
        },
        "django-storages": {
            "extras": [
                "s3"
            ],
            "hashes": [
                "sha256:11b7b6200e1cb5ffcd9962bd3673a39c7d6a6109e8096f0e03d46fab3d3aabd9",
                "sha256:7a25ce8f4214f69ac9c7ce87e2603887f7ae99326c316bc8d2d75375e09341c9"
            ],
            "markers": "python_version >= '3.7'",
            "version": "==1.14.6"
        },
        "djangorestframework": {
            "hashes": [
                "sha256:166809528b1aced0a17dc66c24492af18049f2c9420dbd0be29422029cfc3ff7",
                "sha256:33a59f47fb9c85ede792cbf88bde71893bcda0667bc573f784649521f1102cec"
            ],
            "index": "pypi",
            "markers": "python_version >= '3.9'",
            "version": "==3.16.1"
        },
        "gunicorn": {
            "hashes": [
                "sha256:1426611d959fa77e7de89f8c0f32eed6aa03ee735f98c01efba3e281b1c47616",
                "sha256:d0b1236ccf27f72cfe14bce7caadf467186f19e865094ca84221424e839b8b8b"
            ],
            "index": "pypi",
            "markers": "python_version >= '3.10'",
            "version": "==25.1.0"
        },
        "idna": {
            "hashes": [
                "sha256:771a87f49d9defaf64091e6e6fe9c18d4833f140bd19464795bc32d966ca37ea",
                "sha256:795dafcc9c04ed0c1fb032c2aa73654d8e8c5023a7df64a53f39190ada629902"
            ],
            "markers": "python_version >= '3.8'",
            "version": "==3.11"
        },
        "jmespath": {
            "hashes": [
                "sha256:472c87d80f36026ae83c6ddd0f1d05d4e510134ed462851fd5f754c8c3cbb88d",
                "sha256:a5663118de4908c91729bea0acadca56526eb2698e83de10cd116ae0f4e97c64"
            ],
            "markers": "python_version >= '3.9'",
            "version": "==1.1.0"
        },
        "packaging": {
            "hashes": [
                "sha256:00243ae351a257117b6a241061796684b084ed1c516a08c48a3f7e147a9d80b4",
                "sha256:b36f1fef9334a5588b4166f8bcd26a14e521f2b55e6b9de3aaa80d3ff7a37529"
            ],
            "markers": "python_version >= '3.8'",
            "version": "==26.0"
        },
        "psycopg2": {
            "hashes": [
                "sha256:103e857f46bb76908768ead4e2d0ba1d1a130e7b8ed77d3ae91e8b33481813e8",
                "sha256:210daed32e18f35e3140a1ebe059ac29209dd96468f2f7559aa59f75ee82a5cb",
                "sha256:6ecddcf573777536bddfefaea8079ce959287798c8f5804bee6933635d538924",
                "sha256:8dc379166b5b7d5ea66dcebf433011dfc51a7bb8a5fc12367fa05668e5fc53c8",
                "sha256:964d31caf728e217c697ff77ea69c2ba0865fa41ec20bb00f0977e62fdcc52e3",
                "sha256:e03e4a6dbe87ff81540b434f2e5dc2bddad10296db5eea7bdc995bf5f4162938",
                "sha256:f10a48acba5fe6e312b891f290b4d2ca595fc9a06850fe53320beac353575578"
            ],
            "index": "pypi",
            "markers": "python_version >= '3.9'",
            "version": "==2.9.11"
        },
        "pymemcache": {
            "hashes": [
                "sha256:27bf9bd1bbc1e20f83633208620d56de50f14185055e49504f4f5e94e94aff94",
                "sha256:f507bc20e0dc8d562f8df9d872107a278df049fa496805c1431b926f3ddd0eab"
            ],
            "index": "pypi",
            "markers": "python_version >= '3.7'",
            "version": "==4.0.0"
        },
        "python-dateutil": {
            "hashes": [
                "sha256:37dd54208da7e1cd875388217d5e00ebd4179249f90fb72437e91a35459a0ad3",
                "sha256:a8b2bc7bffae282281c8140a97d3aa9c14da0b136dfe83f850eea9a5f7470427"
            ],
            "markers": "python_version >= '2.7' and python_version not in '3.0, 3.1, 3.2'",
            "version": "==2.9.0.post0"
        },
        "requests": {
            "hashes": [
                "sha256:3324635456fa185245e24865e810cecec7b4caf933d7eb133dcde67d48cee69b",
                "sha256:c7ebc5e8b0f21837386ad0e1c8fe8b829fa5f544d8df3b2253bff14ef29d7652"
            ],
            "index": "pypi",
            "markers": "python_version >= '3.10'",
            "version": "==2.33.0"
        },
        "s3transfer": {
            "hashes": [
                "sha256:18e25d66fed509e3868dc1572b3f427ff947dd2c56f844a5bf09481ad3f3b2fe",
                "sha256:8e990f13268025792229cd52fa10cb7163744bf56e719e0b9cb925ab79abf920"
            ],
            "markers": "python_version >= '3.9'",
            "version": "==0.16.0"
        },
        "six": {
            "hashes": [
                "sha256:4721f391ed90541fddacab5acf947aa0d3dc7d27b2e1e8eda2be8970586c3274",
                "sha256:ff70335d468e7eb6ec65b95b99d3a2836546063f63acc5171de367e834932a81"
            ],
            "markers": "python_version >= '2.7' and python_version not in '3.0, 3.1, 3.2'",
            "version": "==1.17.0"
        },
        "sqlparse": {
            "hashes": [
                "sha256:12a08b3bf3eec877c519589833aed092e2444e68240a3577e8e26148acc7b1ba",
                "sha256:e20d4a9b0b8585fdf63b10d30066c7c94c5d7a7ec47c889a2d83a3caa93ff28e"
            ],
            "markers": "python_version >= '3.8'",
            "version": "==0.5.5"
        },
        "urllib3": {
            "hashes": [
                "sha256:1b62b6884944a57dbe321509ab94fd4d3b307075e0c2eae991ac71ee15ad38ed",
                "sha256:bf272323e553dfb2e87d9bfd225ca7b0f467b919d7bbd355436d3fd37cb0acd4"
            ],
            "markers": "python_version >= '3.9'",
            "version": "==2.6.3"
        },
        "whitenoise": {
            "extras": [
                "brotli"
            ],
            "hashes": [
                "sha256:f723ebb76a112e98816ff80fcea0a6c9b8ecde835f8ddda25df7a30a3c2db6ad",
                "sha256:fc5e8c572e33ebf24795b47b6a7da8da3c00cff2349f5b04c02f28d0cc5a3cc2"
            ],
            "markers": "python_version >= '3.10'",
            "version": "==6.12.0"
        }
    },
    "develop": {
        "asgiref": {
            "hashes": [
                "sha256:5f184dc43b7e763efe848065441eac62229c9f7b0475f41f80e207a114eda4ce",
                "sha256:e8667a091e69529631969fd45dc268fa79b99c92c5fcdda727757e52146ec133"
            ],
            "markers": "python_version >= '3.9'",
            "version": "==3.11.1"
        },
        "django": {
            "hashes": [
                "sha256:4853482f395c3a151937f6991272540fcbf531464f254a347bf7c89f53c8cff7",
                "sha256:6b809af7165c73eff5ce1c87fdae75d4da6520d6667f86401ecf55b681eb1eeb"
            ],
            "index": "pypi",
            "markers": "python_version >= '3.10'",
            "version": "==5.2.12"
        },
        "django-debug-toolbar": {
            "hashes": [
                "sha256:24ef1a7d44d25e60d7951e378454c6509bf536dce7e7d9d36e7c387db499bc27",
                "sha256:879f8a4672d41621c06a4d322dcffa630fc4df056cada6e417ed01db0e5e0478"
            ],
            "index": "pypi",
            "markers": "python_version >= '3.7'",
            "version": "==3.8.1"
        },
        "sqlparse": {
            "hashes": [
                "sha256:12a08b3bf3eec877c519589833aed092e2444e68240a3577e8e26148acc7b1ba",
                "sha256:e20d4a9b0b8585fdf63b10d30066c7c94c5d7a7ec47c889a2d83a3caa93ff28e"
            ],
            "markers": "python_version >= '3.8'",
            "version": "==0.5.5"
        }
    }
}
